// !$*UTF8*$!
{
	archiveVersion = 1;
	classes = {
	};
	objectVersion = 46;
	objects = {

/* Begin PBXBuildFile section */
		334FA4931D37AC4600BB695F /* main.m in Sources */ = {isa = PBXBuildFile; fileRef = 334FA4921D37AC4600BB695F /* main.m */; };
		334FA4961D37AC4600BB695F /* AppDelegate.m in Sources */ = {isa = PBXBuildFile; fileRef = 334FA4951D37AC4600BB695F /* AppDelegate.m */; };
		334FA49E1D37AC4600BB695F /* Assets.xcassets in Resources */ = {isa = PBXBuildFile; fileRef = 334FA49D1D37AC4600BB695F /* Assets.xcassets */; };
		334FA4AE1D37BB8700BB695F /* BSTabBarController.m in Sources */ = {isa = PBXBuildFile; fileRef = 334FA4AD1D37BB8700BB695F /* BSTabBarController.m */; };
		334FA4B11D37C87500BB695F /* BSEssentialViewController.m in Sources */ = {isa = PBXBuildFile; fileRef = 334FA4B01D37C87500BB695F /* BSEssentialViewController.m */; };
		334FA4B41D37C89400BB695F /* BSNewViewController.m in Sources */ = {isa = PBXBuildFile; fileRef = 334FA4B31D37C89400BB695F /* BSNewViewController.m */; };
		334FA4B71D37C8AE00BB695F /* BSFriendViewController.m in Sources */ = {isa = PBXBuildFile; fileRef = 334FA4B61D37C8AE00BB695F /* BSFriendViewController.m */; };
		334FA4BA1D37C8B700BB695F /* BSMeViewController.m in Sources */ = {isa = PBXBuildFile; fileRef = 334FA4B91D37C8B700BB695F /* BSMeViewController.m */; };
		334FA4BD1D37CCC200BB695F /* BSTabBar.m in Sources */ = {isa = PBXBuildFile; fileRef = 334FA4BC1D37CCC200BB695F /* BSTabBar.m */; };
		334FA4C01D37D73600BB695F /* UIView+BSExtension.m in Sources */ = {isa = PBXBuildFile; fileRef = 334FA4BF1D37D73600BB695F /* UIView+BSExtension.m */; };
		334FA4C41D37EAD500BB695F /* UIBarButtonItem+BSExtention.m in Sources */ = {isa = PBXBuildFile; fileRef = 334FA4C31D37EAD500BB695F /* UIBarButtonItem+BSExtention.m */; };
/* End PBXBuildFile section */

/* Begin PBXFileReference section */
		334FA48E1D37AC4600BB695F /* 百思不得其姐.app */ = {isa = PBXFileReference; explicitFileType = wrapper.application; includeInIndex = 0; path = "百思不得其姐.app"; sourceTree = BUILT_PRODUCTS_DIR; };
		334FA4921D37AC4600BB695F /* main.m */ = {isa = PBXFileReference; lastKnownFileType = sourcecode.c.objc; path = main.m; sourceTree = "<group>"; };
		334FA4941D37AC4600BB695F /* AppDelegate.h */ = {isa = PBXFileReference; lastKnownFileType = sourcecode.c.h; path = AppDelegate.h; sourceTree = "<group>"; };
		334FA4951D37AC4600BB695F /* AppDelegate.m */ = {isa = PBXFileReference; lastKnownFileType = sourcecode.c.objc; path = AppDelegate.m; sourceTree = "<group>"; };
		334FA49D1D37AC4600BB695F /* Assets.xcassets */ = {isa = PBXFileReference; lastKnownFileType = folder.assetcatalog; path = Assets.xcassets; sourceTree = "<group>"; };
		334FA4A21D37AC4600BB695F /* Info.plist */ = {isa = PBXFileReference; lastKnownFileType = text.plist.xml; path = Info.plist; sourceTree = "<group>"; };
		334FA4AC1D37BB8700BB695F /* BSTabBarController.h */ = {isa = PBXFileReference; fileEncoding = 4; lastKnownFileType = sourcecode.c.h; path = BSTabBarController.h; sourceTree = "<group>"; };
		334FA4AD1D37BB8700BB695F /* BSTabBarController.m */ = {isa = PBXFileReference; fileEncoding = 4; lastKnownFileType = sourcecode.c.objc; path = BSTabBarController.m; sourceTree = "<group>"; };
		334FA4AF1D37C87500BB695F /* BSEssentialViewController.h */ = {isa = PBXFileReference; fileEncoding = 4; lastKnownFileType = sourcecode.c.h; path = BSEssentialViewController.h; sourceTree = "<group>"; };
		334FA4B01D37C87500BB695F /* BSEssentialViewController.m */ = {isa = PBXFileReference; fileEncoding = 4; lastKnownFileType = sourcecode.c.objc; path = BSEssentialViewController.m; sourceTree = "<group>"; };
		334FA4B21D37C89400BB695F /* BSNewViewController.h */ = {isa = PBXFileReference; fileEncoding = 4; lastKnownFileType = sourcecode.c.h; path = BSNewViewController.h; sourceTree = "<group>"; };
		334FA4B31D37C89400BB695F /* BSNewViewController.m */ = {isa = PBXFileReference; fileEncoding = 4; lastKnownFileType = sourcecode.c.objc; path = BSNewViewController.m; sourceTree = "<group>"; };
		334FA4B51D37C8AE00BB695F /* BSFriendViewController.h */ = {isa = PBXFileReference; fileEncoding = 4; lastKnownFileType = sourcecode.c.h; path = BSFriendViewController.h; sourceTree = "<group>"; };
		334FA4B61D37C8AE00BB695F /* BSFriendViewController.m */ = {isa = PBXFileReference; fileEncoding = 4; lastKnownFileType = sourcecode.c.objc; path = BSFriendViewController.m; sourceTree = "<group>"; };
		334FA4B81D37C8B700BB695F /* BSMeViewController.h */ = {isa = PBXFileReference; fileEncoding = 4; lastKnownFileType = sourcecode.c.h; path = BSMeViewController.h; sourceTree = "<group>"; };
		334FA4B91D37C8B700BB695F /* BSMeViewController.m */ = {isa = PBXFileReference; fileEncoding = 4; lastKnownFileType = sourcecode.c.objc; path = BSMeViewController.m; sourceTree = "<group>"; };
		334FA4BB1D37CCC200BB695F /* BSTabBar.h */ = {isa = PBXFileReference; fileEncoding = 4; lastKnownFileType = sourcecode.c.h; path = BSTabBar.h; sourceTree = "<group>"; };
		334FA4BC1D37CCC200BB695F /* BSTabBar.m */ = {isa = PBXFileReference; fileEncoding = 4; lastKnownFileType = sourcecode.c.objc; path = BSTabBar.m; sourceTree = "<group>"; };
		334FA4BE1D37D73600BB695F /* UIView+BSExtension.h */ = {isa = PBXFileReference; fileEncoding = 4; lastKnownFileType = sourcecode.c.h; path = "UIView+BSExtension.h"; sourceTree = "<group>"; };
		334FA4BF1D37D73600BB695F /* UIView+BSExtension.m */ = {isa = PBXFileReference; fileEncoding = 4; lastKnownFileType = sourcecode.c.objc; path = "UIView+BSExtension.m"; sourceTree = "<group>"; };
		334FA4C11D37D78200BB695F /* PrefixHeader.pch */ = {isa = PBXFileReference; lastKnownFileType = sourcecode.c.h; path = PrefixHeader.pch; sourceTree = "<group>"; };
		334FA4C21D37EAD500BB695F /* UIBarButtonItem+BSExtention.h */ = {isa = PBXFileReference; fileEncoding = 4; lastKnownFileType = sourcecode.c.h; path = "UIBarButtonItem+BSExtention.h"; sourceTree = "<group>"; };
		334FA4C31D37EAD500BB695F /* UIBarButtonItem+BSExtention.m */ = {isa = PBXFileReference; fileEncoding = 4; lastKnownFileType = sourcecode.c.objc; path = "UIBarButtonItem+BSExtention.m"; sourceTree = "<group>"; };
/* End PBXFileReference section */

/* Begin PBXFrameworksBuildPhase section */
		334FA48B1D37AC4600BB695F /* Frameworks */ = {
			isa = PBXFrameworksBuildPhase;
			buildActionMask = 2147483647;
			files = (
			);
			runOnlyForDeploymentPostprocessing = 0;
		};
/* End PBXFrameworksBuildPhase section */

/* Begin PBXGroup section */
		334FA4851D37AC4600BB695F = {
			isa = PBXGroup;
			children = (
				334FA4901D37AC4600BB695F /* 百思不得其姐 */,
				334FA48F1D37AC4600BB695F /* Products */,
			);
			sourceTree = "<group>";
		};
		334FA48F1D37AC4600BB695F /* Products */ = {
			isa = PBXGroup;
			children = (
				334FA48E1D37AC4600BB695F /* 百思不得其姐.app */,
			);
			name = Products;
			sourceTree = "<group>";
		};
		334FA4901D37AC4600BB695F /* 百思不得其姐 */ = {
			isa = PBXGroup;
			children = (
				334FA4941D37AC4600BB695F /* AppDelegate.h */,
				334FA4951D37AC4600BB695F /* AppDelegate.m */,
				334FA4AC1D37BB8700BB695F /* BSTabBarController.h */,
				334FA4AD1D37BB8700BB695F /* BSTabBarController.m */,
				334FA4AF1D37C87500BB695F /* BSEssentialViewController.h */,
				334FA4B01D37C87500BB695F /* BSEssentialViewController.m */,
				334FA4B21D37C89400BB695F /* BSNewViewController.h */,
				334FA4B31D37C89400BB695F /* BSNewViewController.m */,
				334FA4B51D37C8AE00BB695F /* BSFriendViewController.h */,
				334FA4B61D37C8AE00BB695F /* BSFriendViewController.m */,
				334FA4B81D37C8B700BB695F /* BSMeViewController.h */,
				334FA4B91D37C8B700BB695F /* BSMeViewController.m */,
				334FA4BB1D37CCC200BB695F /* BSTabBar.h */,
				334FA4BC1D37CCC200BB695F /* BSTabBar.m */,
				334FA4BE1D37D73600BB695F /* UIView+BSExtension.h */,
				334FA4BF1D37D73600BB695F /* UIView+BSExtension.m */,
				334FA4911D37AC4600BB695F /* Supporting Files */,
				334FA4C21D37EAD500BB695F /* UIBarButtonItem+BSExtention.h */,
				334FA4C31D37EAD500BB695F /* UIBarButtonItem+BSExtention.m */,
			);
			path = "百思不得其姐";
			sourceTree = "<group>";
		};
		334FA4911D37AC4600BB695F /* Supporting Files */ = {
			isa = PBXGroup;
			children = (
				334FA4C11D37D78200BB695F /* PrefixHeader.pch */,
				334FA4A21D37AC4600BB695F /* Info.plist */,
				334FA49D1D37AC4600BB695F /* Assets.xcassets */,
				334FA4921D37AC4600BB695F /* main.m */,
			);
			name = "Supporting Files";
			sourceTree = "<group>";
		};
/* End PBXGroup section */

/* Begin PBXNativeTarget section */
		334FA48D1D37AC4600BB695F /* 百思不得其姐 */ = {
			isa = PBXNativeTarget;
			buildConfigurationList = 334FA4A51D37AC4600BB695F /* Build configuration list for PBXNativeTarget "百思不得其姐" */;
			buildPhases = (
				334FA48A1D37AC4600BB695F /* Sources */,
				334FA48B1D37AC4600BB695F /* Frameworks */,
				334FA48C1D37AC4600BB695F /* Resources */,
			);
			buildRules = (
			);
			dependencies = (
			);
			name = "百思不得其姐";
			productName = "百思不得其姐";
			productReference = 334FA48E1D37AC4600BB695F /* 百思不得其姐.app */;
			productType = "com.apple.product-type.application";
		};
/* End PBXNativeTarget section */

/* Begin PBXProject section */
		334FA4861D37AC4600BB695F /* Project object */ = {
			isa = PBXProject;
			attributes = {
				CLASSPREFIX = BS;
				LastUpgradeCheck = 0730;
				ORGANIZATIONNAME = huangzhonghe;
				TargetAttributes = {
					334FA48D1D37AC4600BB695F = {
						CreatedOnToolsVersion = 7.3.1;
						DevelopmentTeam = K76D9E7D87;
					};
				};
			};
			buildConfigurationList = 334FA4891D37AC4600BB695F /* Build configuration list for PBXProject "百思不得其姐" */;
			compatibilityVersion = "Xcode 3.2";
			developmentRegion = English;
			hasScannedForEncodings = 0;
			knownRegions = (
				en,
				Base,
			);
			mainGroup = 334FA4851D37AC4600BB695F;
			productRefGroup = 334FA48F1D37AC4600BB695F /* Products */;
			projectDirPath = "";
			projectRoot = "";
			targets = (
				334FA48D1D37AC4600BB695F /* 百思不得其姐 */,
			);
		};
/* End PBXProject section */

/* Begin PBXResourcesBuildPhase section */
		334FA48C1D37AC4600BB695F /* Resources */ = {
			isa = PBXResourcesBuildPhase;
			buildActionMask = 2147483647;
			files = (
				334FA49E1D37AC4600BB695F /* Assets.xcassets in Resources */,
			);
			runOnlyForDeploymentPostprocessing = 0;
		};
/* End PBXResourcesBuildPhase section */

/* Begin PBXSourcesBuildPhase section */
		334FA48A1D37AC4600BB695F /* Sources */ = {
			isa = PBXSourcesBuildPhase;
			buildActionMask = 2147483647;
			files = (
				334FA4961D37AC4600BB695F /* AppDelegate.m in Sources */,
				334FA4931D37AC4600BB695F /* main.m in Sources */,
				334FA4BA1D37C8B700BB695F /* BSMeViewController.m in Sources */,
				334FA4B11D37C87500BB695F /* BSEssentialViewController.m in Sources */,
				334FA4B71D37C8AE00BB695F /* BSFriendViewController.m in Sources */,
				334FA4C01D37D73600BB695F /* UIView+BSExtension.m in Sources */,
				334FA4C41D37EAD500BB695F /* UIBarButtonItem+BSExtention.m in Sources */,
				334FA4AE1D37BB8700BB695F /* BSTabBarController.m in Sources */,
				334FA4BD1D37CCC200BB695F /* BSTabBar.m in Sources */,
				334FA4B41D37C89400BB695F /* BSNewViewController.m in Sources */,
			);
			runOnlyForDeploymentPostprocessing = 0;
		};
/* End PBXSourcesBuildPhase section */

/* Begin XCBuildConfiguration section */
		334FA4A31D37AC4600BB695F /* Debug */ = {
			isa = XCBuildConfiguration;
			buildSettings = {
				ALWAYS_SEARCH_USER_PATHS = NO;
				CLANG_ANALYZER_NONNULL = YES;
				CLANG_CXX_LANGUAGE_STANDARD = "gnu++0x";
				CLANG_CXX_LIBRARY = "libc++";
				CLANG_ENABLE_MODULES = YES;
				CLANG_ENABLE_OBJC_ARC = YES;
				CLANG_WARN_BOOL_CONVERSION = YES;
				CLANG_WARN_CONSTANT_CONVERSION = YES;
				CLANG_WARN_DIRECT_OBJC_ISA_USAGE = YES_ERROR;
				CLANG_WARN_EMPTY_BODY = YES;
				CLANG_WARN_ENUM_CONVERSION = YES;
				CLANG_WARN_INT_CONVERSION = YES;
				CLANG_WARN_OBJC_ROOT_CLASS = YES_ERROR;
				CLANG_WARN_UNREACHABLE_CODE = YES;
				CLANG_WARN__DUPLICATE_METHOD_MATCH = YES;
				"CODE_SIGN_IDENTITY[sdk=iphoneos*]" = "iPhone Developer";
				COPY_PHASE_STRIP = NO;
				DEBUG_INFORMATION_FORMAT = dwarf;
				ENABLE_STRICT_OBJC_MSGSEND = YES;
				ENABLE_TESTABILITY = YES;
				GCC_C_LANGUAGE_STANDARD = gnu99;
				GCC_DYNAMIC_NO_PIC = NO;
				GCC_NO_COMMON_BLOCKS = YES;
				GCC_OPTIMIZATION_LEVEL = 0;
				GCC_PREPROCESSOR_DEFINITIONS = (
					"DEBUG=1",
					"$(inherited)",
				);
				GCC_WARN_64_TO_32_BIT_CONVERSION = YES;
				GCC_WARN_ABOUT_RETURN_TYPE = YES_ERROR;
				GCC_WARN_UNDECLARED_SELECTOR = YES;
				GCC_WARN_UNINITIALIZED_AUTOS = YES_AGGRESSIVE;
				GCC_WARN_UNUSED_FUNCTION = YES;
				GCC_WARN_UNUSED_VARIABLE = YES;
				IPHONEOS_DEPLOYMENT_TARGET = 9.3;
				MTL_ENABLE_DEBUG_INFO = YES;
				ONLY_ACTIVE_ARCH = YES;
				SDKROOT = iphoneos;
				TARGETED_DEVICE_FAMILY = "1,2";
			};
			name = Debug;
		};
		334FA4A41D37AC4600BB695F /* Release */ = {
			isa = XCBuildConfiguration;
			buildSettings = {
				ALWAYS_SEARCH_USER_PATHS = NO;
				CLANG_ANALYZER_NONNULL = YES;
				CLANG_CXX_LANGUAGE_STANDARD = "gnu++0x";
				CLANG_CXX_LIBRARY = "libc++";
				CLANG_ENABLE_MODULES = YES;
				CLANG_ENABLE_OBJC_ARC = YES;
				CLANG_WARN_BOOL_CONVERSION = YES;
				CLANG_WARN_CONSTANT_CONVERSION = YES;
				CLANG_WARN_DIRECT_OBJC_ISA_USAGE = YES_ERROR;
				CLANG_WARN_EMPTY_BODY = YES;
				CLANG_WARN_ENUM_CONVERSION = YES;
				CLANG_WARN_INT_CONVERSION = YES;
				CLANG_WARN_OBJC_ROOT_CLASS = YES_ERROR;
				CLANG_WARN_UNREACHABLE_CODE = YES;
				CLANG_WARN__DUPLICATE_METHOD_MATCH = YES;
				"CODE_SIGN_IDENTITY[sdk=iphoneos*]" = "iPhone Developer";
				COPY_PHASE_STRIP = NO;
				DEBUG_INFORMATION_FORMAT = "dwarf-with-dsym";
				ENABLE_NS_ASSERTIONS = NO;
				ENABLE_STRICT_OBJC_MSGSEND = YES;
				GCC_C_LANGUAGE_STANDARD = gnu99;
				GCC_NO_COMMON_BLOCKS = YES;
				GCC_WARN_64_TO_32_BIT_CONVERSION = YES;
				GCC_WARN_ABOUT_RETURN_TYPE = YES_ERROR;
				GCC_WARN_UNDECLARED_SELECTOR = YES;
				GCC_WARN_UNINITIALIZED_AUTOS = YES_AGGRESSIVE;
				GCC_WARN_UNUSED_FUNCTION = YES;
				GCC_WARN_UNUSED_VARIABLE = YES;
				IPHONEOS_DEPLOYMENT_TARGET = 9.3;
				MTL_ENABLE_DEBUG_INFO = NO;
				SDKROOT = iphoneos;
				TARGETED_DEVICE_FAMILY = "1,2";
				VALIDATE_PRODUCT = YES;
			};
			name = Release;
		};
		334FA4A61D37AC4600BB695F /* Debug */ = {
			isa = XCBuildConfiguration;
			buildSettings = {
				ASSETCATALOG_COMPILER_APPICON_NAME = AppIcon;
				ASSETCATALOG_COMPILER_LAUNCHIMAGE_NAME = "Brand Assets";
				CODE_SIGN_IDENTITY = "iPhone Developer";
				"CODE_SIGN_IDENTITY[sdk=iphoneos*]" = "iPhone Developer";
				GCC_PREFIX_HEADER = "百思不得其姐/PrefixHeader.pch";
				INFOPLIST_FILE = "百思不得其姐/Info.plist";
				LD_RUNPATH_SEARCH_PATHS = "$(inherited) @executable_path/Frameworks";
				PRODUCT_BUNDLE_IDENTIFIER = huangzhonghe;
				PRODUCT_NAME = "$(TARGET_NAME)";
				PROVISIONING_PROFILE = "";
			};
			name = Debug;
		};
		334FA4A71D37AC4600BB695F /* Release */ = {
			isa = XCBuildConfiguration;
			buildSettings = {
				ASSETCATALOG_COMPILER_APPICON_NAME = AppIcon;
				ASSETCATALOG_COMPILER_LAUNCHIMAGE_NAME = "Brand Assets";
				CODE_SIGN_IDENTITY = "iPhone Developer";
				"CODE_SIGN_IDENTITY[sdk=iphoneos*]" = "iPhone Developer";
				GCC_PREFIX_HEADER = "百思不得其姐/PrefixHeader.pch";
				INFOPLIST_FILE = "百思不得其姐/Info.plist";
				LD_RUNPATH_SEARCH_PATHS = "$(inherited) @executable_path/Frameworks";
				PRODUCT_BUNDLE_IDENTIFIER = huangzhonghe;
				PRODUCT_NAME = "$(TARGET_NAME)";
				PROVISIONING_PROFILE = "";
			};
			name = Release;
		};
/* End XCBuildConfiguration section */

/* Begin XCConfigurationList section */
		334FA4891D37AC4600BB695F /* Build configuration list for PBXProject "百思不得其姐" */ = {
			isa = XCConfigurationList;
			buildConfigurations = (
				334FA4A31D37AC4600BB695F /* Debug */,
				334FA4A41D37AC4600BB695F /* Release */,
			);
			defaultConfigurationIsVisible = 0;
			defaultConfigurationName = Release;
		};
		334FA4A51D37AC4600BB695F /* Build configuration list for PBXNativeTarget "百思不得其姐" */ = {
			isa = XCConfigurationList;
			buildConfigurations = (
				334FA4A61D37AC4600BB695F /* Debug */,
				334FA4A71D37AC4600BB695F /* Release */,
			);
			defaultConfigurationIsVisible = 0;
		};
/* End XCConfigurationList section */
	};
	rootObject = 334FA4861D37AC4600BB695F /* Project object */;
}
